{
    "_meta": {
        "hash": {
            "sha256": "1b2eba604d4ab5070703375946be667cc817437527fcfc0add18cb4eb9dfaaa5"
        },
        "pipfile-spec": 6,
        "requires": {
            "python_version": "3.12"
        },
        "sources": [
            {
                "name": "pip_conf_index_global",
                "url": "https://pypi.tuna.tsinghua.edu.cn/simple",
                "verify_ssl": true
            }
        ]
    },
    "default": {
        "pypdf": {
            "hashes": [
                "sha256:01c3257ec908676efd60a4537e525b89d48e0852bc92b4e0aa4cc646feda17cc",
                "sha256:16cac912a05200099cef3f347c4c7e0aaf0a6d027603b8f9a973c0ea500dff89"
            ],
            "index": "pip_conf_index_global",
            "markers": "python_version >= '3.6'",
            "version": "==4.1.0"
        }
    },
    "develop": {}
}
